
Microsoft Visual Studio Solution File, Format Version 12.00
# Visual Studio 15
VisualStudioVersion = 15.0.28307.136
MinimumVisualStudioVersion = 10.0.40219.1
Project("{FAE04EC0-301F-11D3-BF4B-00C04F79EFBC}") = "TaskManager", "TaskManager\TaskManager.csproj", "{7D52D52F-03A6-479C-A4CF-52BE80221438}"
EndProject
Global
	GlobalSection(SolutionConfigurationPlatforms) = preSolution
		Debug|Any CPU = Debug|Any CPU
		Release|Any CPU = Release|Any CPU
	EndGlobalSection
	GlobalSection(ProjectConfigurationPlatforms) = postSolution
		{7D52D52F-03A6-479C-A4CF-52BE80221438}.Debug|Any CPU.ActiveCfg = Debug|Any CPU
		{7D52D52F-03A6-479C-A4CF-52BE80221438}.Debug|Any CPU.Build.0 = Debug|Any CPU
		{7D52D52F-03A6-479C-A4CF-52BE80221438}.Release|Any CPU.ActiveCfg = Release|Any CPU
		{7D52D52F-03A6-479C-A4CF-52BE80221438}.Release|Any CPU.Build.0 = Release|Any CPU
	EndGlobalSection
	GlobalSection(SolutionProperties) = preSolution
		HideSolutionNode = FALSE
	EndGlobalSection
	GlobalSection(ExtensibilityGlobals) = postSolution
		SolutionGuid = {F013FCBF-3981-41EA-BEC7-21A36DC8F36D}
	EndGlobalSection
EndGlobal
